<?xml version="1.0" encoding="utf-8"?>
<Project ToolsVersion="4.0" xmlns="http://schemas.microsoft.com/developer/msbuild/2003">
  <ItemGroup>
    <Filter Include="소스 파일">
      <UniqueIdentifier>{4FC737F1-C7A5-4376-A066-2A32D752A2FF}</UniqueIdentifier>
      <Extensions>cpp;c;cc;cxx;c++;cppm;ixx;def;odl;idl;hpj;bat;asm;asmx</Extensions>
    </Filter>
    <Filter Include="헤더 파일">
      <UniqueIdentifier>{93995380-89BD-4b04-88EB-625FBE52EBFB}</UniqueIdentifier>
      <Extensions>h;hh;hpp;hxx;h++;hm;inl;inc;ipp;xsd</Extensions>
    </Filter>
    <Filter Include="리소스 파일">
      <UniqueIdentifier>{67DA6AB6-F800-4c08-8B7A-83BB121AAD01}</UniqueIdentifier>
      <Extensions>rc;ico;cur;bmp;dlg;rc2;rct;bin;rgs;gif;jpg;jpeg;jpe;resx;tiff;tif;png;wav;mfcribbon-ms</Extensions>
    </Filter>
    <Filter Include="소스 파일\Monster">
      <UniqueIdentifier>{22daadce-ac38-421d-9e0e-a88a1476156a}</UniqueIdentifier>
    </Filter>
    <Filter Include="헤더 파일\monster">
      <UniqueIdentifier>{dabf37c2-144d-4011-acf7-3b0bff5e5b83}</UniqueIdentifier>
    </Filter>
    <Filter Include="소스 파일\Tile">
      <UniqueIdentifier>{f8797bf9-27e4-4d79-9fd0-68f269367f0e}</UniqueIdentifier>
    </Filter>
    <Filter Include="소스 파일\Monster\Boss">
      <UniqueIdentifier>{5e848ace-735e-47c5-8c24-b62b9572a44f}</UniqueIdentifier>
    </Filter>
    <Filter Include="헤더 파일\monster\Boss">
      <UniqueIdentifier>{811cd244-e9b2-429f-92b7-2715c789f497}</UniqueIdentifier>
    </Filter>
    <Filter Include="헤더 파일\게임 진행 메니저">
      <UniqueIdentifier>{bff3d937-5f48-46b3-87d8-091478142cfa}</UniqueIdentifier>
    </Filter>
    <Filter Include="헤더 파일\Tile">
      <UniqueIdentifier>{e022fec6-bdb2-48d7-bd76-3e34410d67fc}</UniqueIdentifier>
    </Filter>
    <Filter Include="소스 파일\게임 진행 매니저">
      <UniqueIdentifier>{7de8f974-fad7-4357-b49a-d6e1de22500d}</UniqueIdentifier>
    </Filter>
  </ItemGroup>
  <ItemGroup>
    <ClCompile Include="Newbie in Dungeon.cpp">
      <Filter>소스 파일</Filter>
    </ClCompile>
    <ClCompile Include="Player.cpp">
      <Filter>소스 파일</Filter>
    </ClCompile>
    <ClCompile Include="Monster.cpp">
      <Filter>소스 파일\Monster</Filter>
    </ClCompile>
    <ClCompile Include="Slime.cpp">
      <Filter>소스 파일\Monster</Filter>
    </ClCompile>
    <ClCompile Include="Tile.cpp">
      <Filter>소스 파일\Tile</Filter>
    </ClCompile>
    <ClCompile Include="MonsterTile.cpp">
      <Filter>소스 파일\Tile</Filter>
    </ClCompile>
    <ClCompile Include="RestTile.cpp">
      <Filter>소스 파일\Tile</Filter>
    </ClCompile>
    <ClCompile Include="EmptyTile.cpp">
      <Filter>소스 파일\Tile</Filter>
    </ClCompile>
    <ClCompile Include="Big_Rat.cpp">
      <Filter>소스 파일\Monster</Filter>
    </ClCompile>
    <ClCompile Include="Snake.cpp">
      <Filter>소스 파일\Monster</Filter>
    </ClCompile>
    <ClCompile Include="WildDogs.cpp">
      <Filter>소스 파일\Monster</Filter>
    </ClCompile>
    <ClCompile Include="Goblin.cpp">
      <Filter>소스 파일\Monster</Filter>
    </ClCompile>
    <ClCompile Include="BlackSlime.cpp">
      <Filter>소스 파일\Monster\Boss</Filter>
    </ClCompile>
    <ClCompile Include="BossMonster.cpp">
      <Filter>소스 파일\Monster\Boss</Filter>
    </ClCompile>
    <ClCompile Include="WildDogLeader.cpp">
      <Filter>소스 파일\Monster\Boss</Filter>
    </ClCompile>
    <ClCompile Include="VenomousSnake.cpp">
      <Filter>소스 파일\Monster\Boss</Filter>
    </ClCompile>
    <ClCompile Include="Kig_Rat.cpp">
      <Filter>소스 파일\Monster\Boss</Filter>
    </ClCompile>
    <ClCompile Include="GoblinWarrior.cpp">
      <Filter>소스 파일\Monster\Boss</Filter>
    </ClCompile>
    <ClCompile Include="BossTile.cpp">
      <Filter>소스 파일\Tile</Filter>
    </ClCompile>
    <ClCompile Include="FullHealTile.cpp">
      <Filter>소스 파일\Tile</Filter>
    </ClCompile>
    <ClCompile Include="Dungeon.cpp">
      <Filter>소스 파일\게임 진행 매니저</Filter>
    </ClCompile>
    <ClCompile Include="GameManager.cpp">
      <Filter>소스 파일\게임 진행 매니저</Filter>
    </ClCompile>
    <ClCompile Include="SpecialAbility.cpp">
      <Filter>소스 파일\게임 진행 매니저</Filter>
    </ClCompile>
  </ItemGroup>
  <ItemGroup>
    <ClInclude Include="Player.h">
      <Filter>헤더 파일</Filter>
    </ClInclude>
    <ClInclude Include="Monster.h">
      <Filter>헤더 파일\monster</Filter>
    </ClInclude>
    <ClInclude Include="Slime.h">
      <Filter>헤더 파일\monster</Filter>
    </ClInclude>
    <ClInclude Include="Tile.h">
      <Filter>헤더 파일\Tile</Filter>
    </ClInclude>
    <ClInclude Include="MonsterTile.h">
      <Filter>헤더 파일\Tile</Filter>
    </ClInclude>
    <ClInclude Include="RestTile.h">
      <Filter>헤더 파일\Tile</Filter>
    </ClInclude>
    <ClInclude Include="EmptyTile.h">
      <Filter>헤더 파일\Tile</Filter>
    </ClInclude>
    <ClInclude Include="Big_Rat.h">
      <Filter>헤더 파일\monster</Filter>
    </ClInclude>
    <ClInclude Include="Snake.h">
      <Filter>헤더 파일\monster</Filter>
    </ClInclude>
    <ClInclude Include="resource.h">
      <Filter>헤더 파일</Filter>
    </ClInclude>
    <ClInclude Include="WildDogs.h">
      <Filter>헤더 파일\monster</Filter>
    </ClInclude>
    <ClInclude Include="BlackSlime.h">
      <Filter>헤더 파일\monster\Boss</Filter>
    </ClInclude>
    <ClInclude Include="BossMonster.h">
      <Filter>헤더 파일\monster\Boss</Filter>
    </ClInclude>
    <ClInclude Include="WildDogLeader.h">
      <Filter>헤더 파일\monster\Boss</Filter>
    </ClInclude>
    <ClInclude Include="VenomousSnake.h">
      <Filter>헤더 파일\monster\Boss</Filter>
    </ClInclude>
    <ClInclude Include="Kig_Rat.h">
      <Filter>헤더 파일\monster\Boss</Filter>
    </ClInclude>
    <ClInclude Include="GoblinWarrior.h">
      <Filter>헤더 파일\monster\Boss</Filter>
    </ClInclude>
    <ClInclude Include="BossTile.h">
      <Filter>헤더 파일\Tile</Filter>
    </ClInclude>
    <ClInclude Include="FullHealTile.h">
      <Filter>헤더 파일\Tile</Filter>
    </ClInclude>
    <ClInclude Include="Goblin.h">
      <Filter>헤더 파일\monster</Filter>
    </ClInclude>
    <ClInclude Include="SpecialAbility.h">
      <Filter>헤더 파일\게임 진행 메니저</Filter>
    </ClInclude>
    <ClInclude Include="GameManager.h">
      <Filter>헤더 파일\게임 진행 메니저</Filter>
    </ClInclude>
    <ClInclude Include="Dungeon.h">
      <Filter>헤더 파일\게임 진행 메니저</Filter>
    </ClInclude>
  </ItemGroup>
  <ItemGroup>
    <ResourceCompile Include="Newbie in Dungeon.rc">
      <Filter>리소스 파일</Filter>
    </ResourceCompile>
  </ItemGroup>
</Project>